<?xml version="1.0" encoding="utf-8"?>
<Project ToolsVersion="4.0" xmlns="http://schemas.microsoft.com/developer/msbuild/2003">
  <ItemGroup>
    <Filter Include="Source Files">
      <UniqueIdentifier>{4FC737F1-C7A5-4376-A066-2A32D752A2FF}</UniqueIdentifier>
      <Extensions>cpp;c;cc;cxx;def;odl;idl;hpj;bat;asm;asmx</Extensions>
    </Filter>
    <Filter Include="Resource Files">
      <UniqueIdentifier>{67DA6AB6-F800-4c08-8B7A-83BB121AAD01}</UniqueIdentifier>
      <Extensions>rc;ico;cur;bmp;dlg;rc2;rct;bin;rgs;gif;jpg;jpeg;jpe;resx;tiff;tif;png;wav;mfcribbon-ms</Extensions>
    </Filter>
    <Filter Include="FlosionUI">
      <UniqueIdentifier>{773aff02-7cc8-4dd5-be7f-c067942882f0}</UniqueIdentifier>
    </Filter>
    <Filter Include="Musical Extensions">
      <UniqueIdentifier>{b71a1bfb-8f9f-4c11-9514-35300636a058}</UniqueIdentifier>
    </Filter>
    <Filter Include="Musical Core">
      <UniqueIdentifier>{82547314-45a1-4dc9-bcb9-0f7f615821ee}</UniqueIdentifier>
    </Filter>
    <Filter Include="Mathematical Extensions">
      <UniqueIdentifier>{c7b89f5f-f3b8-44fa-800d-47d34c11c3b5}</UniqueIdentifier>
    </Filter>
    <Filter Include="UI Core">
      <UniqueIdentifier>{f6a7e845-d808-4763-a216-7d379cd2d3f1}</UniqueIdentifier>
    </Filter>
  </ItemGroup>
  <ItemGroup>
    <ClCompile Include="Flosion.cpp">
      <Filter>Source Files</Filter>
    </ClCompile>
    <ClCompile Include="Sample.cpp">
      <Filter>Musical Core</Filter>
    </ClCompile>
    <ClCompile Include="Stateful.cpp">
      <Filter>Musical Core</Filter>
    </ClCompile>
    <ClCompile Include="SoundSource.cpp">
      <Filter>Musical Core</Filter>
    </ClCompile>
    <ClCompile Include="NumberInput.cpp">
      <Filter>Musical Core</Filter>
    </ClCompile>
    <ClCompile Include="NumberSource.cpp">
      <Filter>Musical Core</Filter>
    </ClCompile>
    <ClCompile Include="SoundResult.cpp">
      <Filter>Musical Core</Filter>
    </ClCompile>
    <ClCompile Include="NumberResult.cpp">
      <Filter>Musical Core</Filter>
    </ClCompile>
    <ClCompile Include="DAC.cpp">
      <Filter>Musical Core</Filter>
    </ClCompile>
    <ClCompile Include="gui.cpp">
      <Filter>UI Core</Filter>
    </ClCompile>
    <ClCompile Include="FlosionUI.cpp">
      <Filter>UI Core</Filter>
    </ClCompile>
    <ClCompile Include="Font.cpp">
      <Filter>UI Core</Filter>
    </ClCompile>
    <ClCompile Include="hannwindow.cpp">
      <Filter>Musical Extensions</Filter>
    </ClCompile>
    <ClCompile Include="stringhelpers.cpp">
      <Filter>Source Files</Filter>
    </ClCompile>
  </ItemGroup>
  <ItemGroup>
    <ClInclude Include="musical.h">
      <Filter>Musical Core</Filter>
    </ClInclude>
    <ClInclude Include="wavegenUI.h">
      <Filter>FlosionUI</Filter>
    </ClInclude>
    <ClInclude Include="constantUI.h">
      <Filter>FlosionUI</Filter>
    </ClInclude>
    <ClInclude Include="functionsUI.h">
      <Filter>FlosionUI</Filter>
    </ClInclude>
    <ClInclude Include="dacUI.h">
      <Filter>FlosionUI</Filter>
    </ClInclude>
    <ClInclude Include="audioUI.h">
      <Filter>FlosionUI</Filter>
    </ClInclude>
    <ClInclude Include="timestretchUI.h">
      <Filter>FlosionUI</Filter>
    </ClInclude>
    <ClInclude Include="samplerUI.h">
      <Filter>FlosionUI</Filter>
    </ClInclude>
    <ClInclude Include="functions.h">
      <Filter>Mathematical Extensions</Filter>
    </ClInclude>
    <ClInclude Include="filebrowser.h">
      <Filter>FlosionUI</Filter>
    </ClInclude>
    <ClInclude Include="ensembleUI.h">
      <Filter>FlosionUI</Filter>
    </ClInclude>
    <ClInclude Include="Sample.h">
      <Filter>Musical Core</Filter>
    </ClInclude>
    <ClInclude Include="wavegen.h">
      <Filter>Musical Extensions</Filter>
    </ClInclude>
    <ClInclude Include="sampler.h">
      <Filter>Musical Extensions</Filter>
    </ClInclude>
    <ClInclude Include="timestretch.h">
      <Filter>Musical Extensions</Filter>
    </ClInclude>
    <ClInclude Include="ensemble.h">
      <Filter>Musical Extensions</Filter>
    </ClInclude>
    <ClInclude Include="audio.h">
      <Filter>Musical Extensions</Filter>
    </ClInclude>
    <ClInclude Include="Stateful.h">
      <Filter>Musical Core</Filter>
    </ClInclude>
    <ClInclude Include="SoundSource.h">
      <Filter>Musical Core</Filter>
    </ClInclude>
    <ClInclude Include="NumberSource.h">
      <Filter>Musical Core</Filter>
    </ClInclude>
    <ClInclude Include="NumberInput.h">
      <Filter>Musical Core</Filter>
    </ClInclude>
    <ClInclude Include="SoundResult.h">
      <Filter>Musical Core</Filter>
    </ClInclude>
    <ClInclude Include="NumberResult.h">
      <Filter>Musical Core</Filter>
    </ClInclude>
    <ClInclude Include="DAC.h">
      <Filter>Musical Core</Filter>
    </ClInclude>
    <ClInclude Include="spline.h">
      <Filter>Mathematical Extensions</Filter>
    </ClInclude>
    <ClInclude Include="splineUI.h">
      <Filter>FlosionUI</Filter>
    </ClInclude>
    <ClInclude Include="gui.h">
      <Filter>UI Core</Filter>
    </ClInclude>
    <ClInclude Include="Font.h">
      <Filter>UI Core</Filter>
    </ClInclude>
    <ClInclude Include="FlosionUI.h">
      <Filter>UI Core</Filter>
    </ClInclude>
    <ClInclude Include="guihelpers.h">
      <Filter>UI Core</Filter>
    </ClInclude>
    <ClInclude Include="filter.h">
      <Filter>Musical Extensions</Filter>
    </ClInclude>
    <ClInclude Include="fft.h">
      <Filter>Musical Extensions</Filter>
    </ClInclude>
    <ClInclude Include="hannwindow.h">
      <Filter>Musical Extensions</Filter>
    </ClInclude>
    <ClInclude Include="filterUI.h">
      <Filter>FlosionUI</Filter>
    </ClInclude>
    <ClInclude Include="stringhelpers.h">
      <Filter>Source Files</Filter>
    </ClInclude>
    <ClInclude Include="phasevocoder.h">
      <Filter>Musical Extensions</Filter>
    </ClInclude>
    <ClInclude Include="phasevocoderUI.h">
      <Filter>FlosionUI</Filter>
    </ClInclude>
  </ItemGroup>
</Project>